
Microsoft Visual Studio Solution File, Format Version 12.00
# Visual Studio 14
VisualStudioVersion = 14.0.24720.0
MinimumVisualStudioVersion = 10.0.40219.1
Project("{2150E333-8FDC-42A3-9474-1A3956D46DE8}") = "WebTest", "WebTest", "{4B658D26-E8D1-4F54-8C4E-1C2CB127BF37}"
EndProject
Project("{2150E333-8FDC-42A3-9474-1A3956D46DE8}") = "Sources", "Sources", "{69BAD206-CC5B-4DB4-8FAE-E409836E5E34}"
EndProject
Project("{2150E333-8FDC-42A3-9474-1A3956D46DE8}") = "Business", "Business", "{31C4D29C-427F-4B9C-B193-9B6381927404}"
EndProject
Project("{2150E333-8FDC-42A3-9474-1A3956D46DE8}") = "Data", "Data", "{011EE799-0806-42B5-BAE0-60DE4DB65661}"
EndProject
Project("{2150E333-8FDC-42A3-9474-1A3956D46DE8}") = "Entities", "Entities", "{24377183-9DB9-435C-A711-60ADF3B4D64F}"
EndProject
Project("{FAE04EC0-301F-11D3-BF4B-00C04F79EFBC}") = "Creatio.Auth.Business", "Creatio.Auth.Business\Creatio.Auth.Business.csproj", "{A46EE110-1742-412E-A443-8CD65DE81060}"
EndProject
Project("{2150E333-8FDC-42A3-9474-1A3956D46DE8}") = "Auth", "Auth", "{26E8DD58-DB3E-4C6E-AB11-BB68D9749AE6}"
EndProject
Project("{2150E333-8FDC-42A3-9474-1A3956D46DE8}") = "Users", "Users", "{FCFFAE01-7074-4379-932A-FF05D1E763C6}"
EndProject
Project("{FAE04EC0-301F-11D3-BF4B-00C04F79EFBC}") = "CreatioFranceEntities", "CreatioFranceEntities\CreatioFranceEntities.csproj", "{0A173913-9917-4B55-84FB-AD16E25EFA55}"
EndProject
Project("{FAE04EC0-301F-11D3-BF4B-00C04F79EFBC}") = "CreatioFranceBusiness", "CreatioFranceBusiness\CreatioFranceBusiness.csproj", "{7FAB1FFE-9BC9-4303-A04C-7D2CED27517C}"
EndProject
Project("{2150E333-8FDC-42A3-9474-1A3956D46DE8}") = "WebClient", "WebClient", "{26AC80F9-2DEA-4436-94B4-D77386D1E2CF}"
EndProject
Project("{FAE04EC0-301F-11D3-BF4B-00C04F79EFBC}") = "CreatioFrance", "CreatioFrance\CreatioFrance.csproj", "{33222430-821D-446F-8EE0-13FD09AAC9B7}"
EndProject
Project("{FAE04EC0-301F-11D3-BF4B-00C04F79EFBC}") = "CreatioFrance.Tests", "CreatioFrance.Tests\CreatioFrance.Tests.csproj", "{65F4C433-9F29-48BA-AC82-EBB6AC66C9B6}"
EndProject
Project("{FAE04EC0-301F-11D3-BF4B-00C04F79EFBC}") = "CreatioEmailProvider", "CreatioEmailProvider\CreatioEmailProvider.csproj", "{61638897-6570-4D93-A3A5-7832A0C1ADE7}"
EndProject
Project("{2150E333-8FDC-42A3-9474-1A3956D46DE8}") = "Services", "Services", "{14161A31-107A-45C6-AD8B-A8F69DFEBD75}"
EndProject
Project("{FAE04EC0-301F-11D3-BF4B-00C04F79EFBC}") = "CreatioChatProvider", "CreatioChatProvider\CreatioChatProvider.csproj", "{8B35D858-84B3-4185-B1EC-EC20EDAC39A3}"
EndProject
Project("{FAE04EC0-301F-11D3-BF4B-00C04F79EFBC}") = "CreatioUsersData", "CreatioUsersData\CreatioUsersData.csproj", "{D7FA053F-7B3D-4645-B059-DA1D3ADE34ED}"
EndProject
Project("{2150E333-8FDC-42A3-9474-1A3956D46DE8}") = "Users", "Users", "{2F9C7F94-ACE3-4FA0-8EE0-48691A3FDBA7}"
EndProject
Project("{FAE04EC0-301F-11D3-BF4B-00C04F79EFBC}") = "CreatioUsersBusiness", "CreatioUsersBusiness\CreatioUsersBusiness.csproj", "{29C22366-8CC7-441F-A0E8-D68A69E97AE1}"
EndProject
Project("{2150E333-8FDC-42A3-9474-1A3956D46DE8}") = "MetaData", "MetaData", "{408BB4E3-5B6E-4168-BF5E-7E2393DFB1B8}"
EndProject
Project("{FAE04EC0-301F-11D3-BF4B-00C04F79EFBC}") = "CreatioMetaData", "CreatioMetaData\CreatioMetaData.csproj", "{0A8834C9-7C0F-4975-9378-CCD5479DB3B1}"
EndProject
Project("{2150E333-8FDC-42A3-9474-1A3956D46DE8}") = "Questions", "Questions", "{F0D4539A-52C7-4D24-8258-B5DFE004FF90}"
EndProject
Project("{FAE04EC0-301F-11D3-BF4B-00C04F79EFBC}") = "CreatioQuestionBusiness", "CreatioQuestionBusiness\CreatioQuestionBusiness.csproj", "{CF7B5EBA-71E5-4242-B05B-BEEAE3FDB776}"
EndProject
Global
	GlobalSection(SolutionConfigurationPlatforms) = preSolution
		Debug|Any CPU = Debug|Any CPU
		Release|Any CPU = Release|Any CPU
	EndGlobalSection
	GlobalSection(ProjectConfigurationPlatforms) = postSolution
		{A46EE110-1742-412E-A443-8CD65DE81060}.Debug|Any CPU.ActiveCfg = Debug|Any CPU
		{A46EE110-1742-412E-A443-8CD65DE81060}.Debug|Any CPU.Build.0 = Debug|Any CPU
		{A46EE110-1742-412E-A443-8CD65DE81060}.Release|Any CPU.ActiveCfg = Release|Any CPU
		{A46EE110-1742-412E-A443-8CD65DE81060}.Release|Any CPU.Build.0 = Release|Any CPU
		{0A173913-9917-4B55-84FB-AD16E25EFA55}.Debug|Any CPU.ActiveCfg = Debug|Any CPU
		{0A173913-9917-4B55-84FB-AD16E25EFA55}.Debug|Any CPU.Build.0 = Debug|Any CPU
		{0A173913-9917-4B55-84FB-AD16E25EFA55}.Release|Any CPU.ActiveCfg = Release|Any CPU
		{0A173913-9917-4B55-84FB-AD16E25EFA55}.Release|Any CPU.Build.0 = Release|Any CPU
		{7FAB1FFE-9BC9-4303-A04C-7D2CED27517C}.Debug|Any CPU.ActiveCfg = Debug|Any CPU
		{7FAB1FFE-9BC9-4303-A04C-7D2CED27517C}.Debug|Any CPU.Build.0 = Debug|Any CPU
		{7FAB1FFE-9BC9-4303-A04C-7D2CED27517C}.Release|Any CPU.ActiveCfg = Release|Any CPU
		{7FAB1FFE-9BC9-4303-A04C-7D2CED27517C}.Release|Any CPU.Build.0 = Release|Any CPU
		{33222430-821D-446F-8EE0-13FD09AAC9B7}.Debug|Any CPU.ActiveCfg = Debug|Any CPU
		{33222430-821D-446F-8EE0-13FD09AAC9B7}.Debug|Any CPU.Build.0 = Debug|Any CPU
		{33222430-821D-446F-8EE0-13FD09AAC9B7}.Release|Any CPU.ActiveCfg = Release|Any CPU
		{33222430-821D-446F-8EE0-13FD09AAC9B7}.Release|Any CPU.Build.0 = Release|Any CPU
		{65F4C433-9F29-48BA-AC82-EBB6AC66C9B6}.Debug|Any CPU.ActiveCfg = Debug|Any CPU
		{65F4C433-9F29-48BA-AC82-EBB6AC66C9B6}.Debug|Any CPU.Build.0 = Debug|Any CPU
		{65F4C433-9F29-48BA-AC82-EBB6AC66C9B6}.Release|Any CPU.ActiveCfg = Release|Any CPU
		{65F4C433-9F29-48BA-AC82-EBB6AC66C9B6}.Release|Any CPU.Build.0 = Release|Any CPU
		{61638897-6570-4D93-A3A5-7832A0C1ADE7}.Debug|Any CPU.ActiveCfg = Debug|Any CPU
		{61638897-6570-4D93-A3A5-7832A0C1ADE7}.Debug|Any CPU.Build.0 = Debug|Any CPU
		{61638897-6570-4D93-A3A5-7832A0C1ADE7}.Release|Any CPU.ActiveCfg = Release|Any CPU
		{61638897-6570-4D93-A3A5-7832A0C1ADE7}.Release|Any CPU.Build.0 = Release|Any CPU
		{8B35D858-84B3-4185-B1EC-EC20EDAC39A3}.Debug|Any CPU.ActiveCfg = Debug|Any CPU
		{8B35D858-84B3-4185-B1EC-EC20EDAC39A3}.Debug|Any CPU.Build.0 = Debug|Any CPU
		{8B35D858-84B3-4185-B1EC-EC20EDAC39A3}.Release|Any CPU.ActiveCfg = Release|Any CPU
		{8B35D858-84B3-4185-B1EC-EC20EDAC39A3}.Release|Any CPU.Build.0 = Release|Any CPU
		{D7FA053F-7B3D-4645-B059-DA1D3ADE34ED}.Debug|Any CPU.ActiveCfg = Debug|Any CPU
		{D7FA053F-7B3D-4645-B059-DA1D3ADE34ED}.Debug|Any CPU.Build.0 = Debug|Any CPU
		{D7FA053F-7B3D-4645-B059-DA1D3ADE34ED}.Release|Any CPU.ActiveCfg = Release|Any CPU
		{D7FA053F-7B3D-4645-B059-DA1D3ADE34ED}.Release|Any CPU.Build.0 = Release|Any CPU
		{29C22366-8CC7-441F-A0E8-D68A69E97AE1}.Debug|Any CPU.ActiveCfg = Debug|Any CPU
		{29C22366-8CC7-441F-A0E8-D68A69E97AE1}.Debug|Any CPU.Build.0 = Debug|Any CPU
		{29C22366-8CC7-441F-A0E8-D68A69E97AE1}.Release|Any CPU.ActiveCfg = Release|Any CPU
		{29C22366-8CC7-441F-A0E8-D68A69E97AE1}.Release|Any CPU.Build.0 = Release|Any CPU
		{0A8834C9-7C0F-4975-9378-CCD5479DB3B1}.Debug|Any CPU.ActiveCfg = Debug|Any CPU
		{0A8834C9-7C0F-4975-9378-CCD5479DB3B1}.Debug|Any CPU.Build.0 = Debug|Any CPU
		{0A8834C9-7C0F-4975-9378-CCD5479DB3B1}.Release|Any CPU.ActiveCfg = Release|Any CPU
		{0A8834C9-7C0F-4975-9378-CCD5479DB3B1}.Release|Any CPU.Build.0 = Release|Any CPU
		{CF7B5EBA-71E5-4242-B05B-BEEAE3FDB776}.Debug|Any CPU.ActiveCfg = Debug|Any CPU
		{CF7B5EBA-71E5-4242-B05B-BEEAE3FDB776}.Debug|Any CPU.Build.0 = Debug|Any CPU
		{CF7B5EBA-71E5-4242-B05B-BEEAE3FDB776}.Release|Any CPU.ActiveCfg = Release|Any CPU
		{CF7B5EBA-71E5-4242-B05B-BEEAE3FDB776}.Release|Any CPU.Build.0 = Release|Any CPU
	EndGlobalSection
	GlobalSection(SolutionProperties) = preSolution
		HideSolutionNode = FALSE
	EndGlobalSection
	GlobalSection(NestedProjects) = preSolution
		{31C4D29C-427F-4B9C-B193-9B6381927404} = {69BAD206-CC5B-4DB4-8FAE-E409836E5E34}
		{011EE799-0806-42B5-BAE0-60DE4DB65661} = {69BAD206-CC5B-4DB4-8FAE-E409836E5E34}
		{24377183-9DB9-435C-A711-60ADF3B4D64F} = {69BAD206-CC5B-4DB4-8FAE-E409836E5E34}
		{A46EE110-1742-412E-A443-8CD65DE81060} = {26E8DD58-DB3E-4C6E-AB11-BB68D9749AE6}
		{26E8DD58-DB3E-4C6E-AB11-BB68D9749AE6} = {31C4D29C-427F-4B9C-B193-9B6381927404}
		{FCFFAE01-7074-4379-932A-FF05D1E763C6} = {011EE799-0806-42B5-BAE0-60DE4DB65661}
		{0A173913-9917-4B55-84FB-AD16E25EFA55} = {24377183-9DB9-435C-A711-60ADF3B4D64F}
		{7FAB1FFE-9BC9-4303-A04C-7D2CED27517C} = {31C4D29C-427F-4B9C-B193-9B6381927404}
		{26AC80F9-2DEA-4436-94B4-D77386D1E2CF} = {69BAD206-CC5B-4DB4-8FAE-E409836E5E34}
		{33222430-821D-446F-8EE0-13FD09AAC9B7} = {26AC80F9-2DEA-4436-94B4-D77386D1E2CF}
		{65F4C433-9F29-48BA-AC82-EBB6AC66C9B6} = {4B658D26-E8D1-4F54-8C4E-1C2CB127BF37}
		{61638897-6570-4D93-A3A5-7832A0C1ADE7} = {14161A31-107A-45C6-AD8B-A8F69DFEBD75}
		{14161A31-107A-45C6-AD8B-A8F69DFEBD75} = {69BAD206-CC5B-4DB4-8FAE-E409836E5E34}
		{8B35D858-84B3-4185-B1EC-EC20EDAC39A3} = {14161A31-107A-45C6-AD8B-A8F69DFEBD75}
		{D7FA053F-7B3D-4645-B059-DA1D3ADE34ED} = {FCFFAE01-7074-4379-932A-FF05D1E763C6}
		{2F9C7F94-ACE3-4FA0-8EE0-48691A3FDBA7} = {31C4D29C-427F-4B9C-B193-9B6381927404}
		{29C22366-8CC7-441F-A0E8-D68A69E97AE1} = {2F9C7F94-ACE3-4FA0-8EE0-48691A3FDBA7}
		{408BB4E3-5B6E-4168-BF5E-7E2393DFB1B8} = {011EE799-0806-42B5-BAE0-60DE4DB65661}
		{0A8834C9-7C0F-4975-9378-CCD5479DB3B1} = {408BB4E3-5B6E-4168-BF5E-7E2393DFB1B8}
		{F0D4539A-52C7-4D24-8258-B5DFE004FF90} = {31C4D29C-427F-4B9C-B193-9B6381927404}
		{CF7B5EBA-71E5-4242-B05B-BEEAE3FDB776} = {F0D4539A-52C7-4D24-8258-B5DFE004FF90}
	EndGlobalSection
EndGlobal
